
Microsoft Visual Studio Solution File, Format Version 12.00
# Visual Studio Version 17
VisualStudioVersion = 17.0.31912.275
MinimumVisualStudioVersion = 10.0.40219.1
Project("{2150E333-8FDC-42A3-9474-1A3956D46DE8}") = "src", "src", "{6F529B27-202C-4742-A654-3EBB4FB795CF}"
EndProject
Project("{9A19103F-16F7-4668-BE54-9A1E7A4F7556}") = "Blog.Api", "src\Blog.Api\Blog.Api.csproj", "{85601C56-3E75-4F6F-8469-3B7A1E411B71}"
EndProject
Project("{2150E333-8FDC-42A3-9474-1A3956D46DE8}") = "Api", "Api", "{A500E12D-DEA5-4017-BB0D-52B38A53C5D7}"
EndProject
Project("{2150E333-8FDC-42A3-9474-1A3956D46DE8}") = "Infra", "Infra", "{E0642D1A-ABC3-4FDB-A235-6F1711332EC0}"
EndProject
Project("{9A19103F-16F7-4668-BE54-9A1E7A4F7556}") = "Blog.Infra.CrossCutting", "src\Blog.Infra.CrossCutting\Blog.Infra.CrossCutting.csproj", "{5FD2468A-F4E6-404E-9017-4DD2665DB4F1}"
EndProject
Project("{9A19103F-16F7-4668-BE54-9A1E7A4F7556}") = "Blog.Infra.EntityFramework", "src\Blog.Infra.EntityFramework\Blog.Infra.EntityFramework.csproj", "{E9128896-F8CF-48BF-8B89-4D1663E5C9F7}"
EndProject
Project("{2150E333-8FDC-42A3-9474-1A3956D46DE8}") = "Domain", "Domain", "{8EF2460E-7422-46C5-8747-983372376AE2}"
EndProject
Project("{2150E333-8FDC-42A3-9474-1A3956D46DE8}") = "Application", "Application", "{9C926DE8-5868-478B-9A7F-A83BFEEE1F4E}"
EndProject
Project("{9A19103F-16F7-4668-BE54-9A1E7A4F7556}") = "Blog.Domain", "src\Blog.Domain\Blog.Domain.csproj", "{548DF64A-A726-4555-AC65-AB29B241BC5A}"
EndProject
Project("{9A19103F-16F7-4668-BE54-9A1E7A4F7556}") = "Blog.Application", "src\Blog.Application\Blog.Application.csproj", "{EB4422A1-5665-4CCF-89BB-D1BD93063EDF}"
EndProject
Project("{2150E333-8FDC-42A3-9474-1A3956D46DE8}") = "tests", "tests", "{E3C64F7A-3C63-4D9C-9470-FC0EF4FDB6E5}"
EndProject
Project("{9A19103F-16F7-4668-BE54-9A1E7A4F7556}") = "Blog.UnitTests", "tests\Blog.UnitTests\Blog.UnitTests.csproj", "{0EB64948-98EF-49AC-97D0-63756321BE46}"
EndProject
Global
	GlobalSection(SolutionConfigurationPlatforms) = preSolution
		Debug|Any CPU = Debug|Any CPU
		Release|Any CPU = Release|Any CPU
	EndGlobalSection
	GlobalSection(ProjectConfigurationPlatforms) = postSolution
		{85601C56-3E75-4F6F-8469-3B7A1E411B71}.Debug|Any CPU.ActiveCfg = Debug|Any CPU
		{85601C56-3E75-4F6F-8469-3B7A1E411B71}.Debug|Any CPU.Build.0 = Debug|Any CPU
		{85601C56-3E75-4F6F-8469-3B7A1E411B71}.Release|Any CPU.ActiveCfg = Release|Any CPU
		{85601C56-3E75-4F6F-8469-3B7A1E411B71}.Release|Any CPU.Build.0 = Release|Any CPU
		{5FD2468A-F4E6-404E-9017-4DD2665DB4F1}.Debug|Any CPU.ActiveCfg = Debug|Any CPU
		{5FD2468A-F4E6-404E-9017-4DD2665DB4F1}.Debug|Any CPU.Build.0 = Debug|Any CPU
		{5FD2468A-F4E6-404E-9017-4DD2665DB4F1}.Release|Any CPU.ActiveCfg = Release|Any CPU
		{5FD2468A-F4E6-404E-9017-4DD2665DB4F1}.Release|Any CPU.Build.0 = Release|Any CPU
		{E9128896-F8CF-48BF-8B89-4D1663E5C9F7}.Debug|Any CPU.ActiveCfg = Debug|Any CPU
		{E9128896-F8CF-48BF-8B89-4D1663E5C9F7}.Debug|Any CPU.Build.0 = Debug|Any CPU
		{E9128896-F8CF-48BF-8B89-4D1663E5C9F7}.Release|Any CPU.ActiveCfg = Release|Any CPU
		{E9128896-F8CF-48BF-8B89-4D1663E5C9F7}.Release|Any CPU.Build.0 = Release|Any CPU
		{548DF64A-A726-4555-AC65-AB29B241BC5A}.Debug|Any CPU.ActiveCfg = Debug|Any CPU
		{548DF64A-A726-4555-AC65-AB29B241BC5A}.Debug|Any CPU.Build.0 = Debug|Any CPU
		{548DF64A-A726-4555-AC65-AB29B241BC5A}.Release|Any CPU.ActiveCfg = Release|Any CPU
		{548DF64A-A726-4555-AC65-AB29B241BC5A}.Release|Any CPU.Build.0 = Release|Any CPU
		{EB4422A1-5665-4CCF-89BB-D1BD93063EDF}.Debug|Any CPU.ActiveCfg = Debug|Any CPU
		{EB4422A1-5665-4CCF-89BB-D1BD93063EDF}.Debug|Any CPU.Build.0 = Debug|Any CPU
		{EB4422A1-5665-4CCF-89BB-D1BD93063EDF}.Release|Any CPU.ActiveCfg = Release|Any CPU
		{EB4422A1-5665-4CCF-89BB-D1BD93063EDF}.Release|Any CPU.Build.0 = Release|Any CPU
		{0EB64948-98EF-49AC-97D0-63756321BE46}.Debug|Any CPU.ActiveCfg = Debug|Any CPU
		{0EB64948-98EF-49AC-97D0-63756321BE46}.Debug|Any CPU.Build.0 = Debug|Any CPU
		{0EB64948-98EF-49AC-97D0-63756321BE46}.Release|Any CPU.ActiveCfg = Release|Any CPU
		{0EB64948-98EF-49AC-97D0-63756321BE46}.Release|Any CPU.Build.0 = Release|Any CPU
	EndGlobalSection
	GlobalSection(SolutionProperties) = preSolution
		HideSolutionNode = FALSE
	EndGlobalSection
	GlobalSection(NestedProjects) = preSolution
		{85601C56-3E75-4F6F-8469-3B7A1E411B71} = {A500E12D-DEA5-4017-BB0D-52B38A53C5D7}
		{A500E12D-DEA5-4017-BB0D-52B38A53C5D7} = {6F529B27-202C-4742-A654-3EBB4FB795CF}
		{E0642D1A-ABC3-4FDB-A235-6F1711332EC0} = {6F529B27-202C-4742-A654-3EBB4FB795CF}
		{5FD2468A-F4E6-404E-9017-4DD2665DB4F1} = {E0642D1A-ABC3-4FDB-A235-6F1711332EC0}
		{E9128896-F8CF-48BF-8B89-4D1663E5C9F7} = {E0642D1A-ABC3-4FDB-A235-6F1711332EC0}
		{8EF2460E-7422-46C5-8747-983372376AE2} = {6F529B27-202C-4742-A654-3EBB4FB795CF}
		{9C926DE8-5868-478B-9A7F-A83BFEEE1F4E} = {6F529B27-202C-4742-A654-3EBB4FB795CF}
		{548DF64A-A726-4555-AC65-AB29B241BC5A} = {8EF2460E-7422-46C5-8747-983372376AE2}
		{EB4422A1-5665-4CCF-89BB-D1BD93063EDF} = {9C926DE8-5868-478B-9A7F-A83BFEEE1F4E}
		{0EB64948-98EF-49AC-97D0-63756321BE46} = {E3C64F7A-3C63-4D9C-9470-FC0EF4FDB6E5}
	EndGlobalSection
	GlobalSection(ExtensibilityGlobals) = postSolution
		SolutionGuid = {83B07E74-0193-4E4B-AD28-81A2D29451BE}
	EndGlobalSection
EndGlobal
